
Microsoft Visual Studio Solution File, Format Version 12.00
# Visual Studio Version 17
VisualStudioVersion = 17.8.34322.80
MinimumVisualStudioVersion = 10.0.40219.1
Project("{FAE04EC0-301F-11D3-BF4B-00C04F79EFBC}") = "Program", "Program\Program.csproj", "{44ABBC2D-D392-40D9-B737-F49FDC219ABB}"
EndProject
Global
	GlobalSection(SolutionConfigurationPlatforms) = preSolution
		Debug|Any CPU = Debug|Any CPU
		Release|Any CPU = Release|Any CPU
	EndGlobalSection
	GlobalSection(ProjectConfigurationPlatforms) = postSolution
		{44ABBC2D-D392-40D9-B737-F49FDC219ABB}.Debug|Any CPU.ActiveCfg = Debug|Any CPU
		{44ABBC2D-D392-40D9-B737-F49FDC219ABB}.Debug|Any CPU.Build.0 = Debug|Any CPU
		{44ABBC2D-D392-40D9-B737-F49FDC219ABB}.Release|Any CPU.ActiveCfg = Release|Any CPU
		{44ABBC2D-D392-40D9-B737-F49FDC219ABB}.Release|Any CPU.Build.0 = Release|Any CPU
	EndGlobalSection
	GlobalSection(SolutionProperties) = preSolution
		HideSolutionNode = FALSE
	EndGlobalSection
	GlobalSection(ExtensibilityGlobals) = postSolution
		SolutionGuid = {0D3BB506-30B9-42AE-99E5-98EF33784118}
	EndGlobalSection
EndGlobal
